{
  "version": "5",
  "specifiers": {
    "npm:hono@4.12.15": "4.12.15",
    "npm:nodemailer@8.0.6": "8.0.6",
    "npm:playwright@*": "1.62.1"
  },
  "npm": {
    "fsevents@2.3.2": {
      "integrity": "sha512-xiqMQR4xAeHTuB9uWm+fFRcIOgKBMiOBP+eXiyT7jsgVCq1bkVygt00oASowB7EdtpOHaaPgKt812P9ab+DDKA==",
      "os": ["darwin"],
      "scripts": true
    },
    "hono@4.12.15": {
      "integrity": "sha512-qM0jDhFEaCBb4TxoW7f53Qrpv9RBiayUHo0S52JudprkhvpjIrGoU1mnnr29Fvd1U335ZFPZQY1wlkqgfGXyLg=="
    },
    "nodemailer@8.0.6": {
      "integrity": "sha512-Nm2XeuDwwy2wi5A+8jPWwQwNzcjNjhWdE3pVLoXEusxJqCnAPAgnBGkSmiLknbnWuOF9qraRpYZjfxqtKZ4tPw=="
    },
    "playwright-core@1.62.1": {
      "integrity": "sha512-wPYSwEBJY9GHraISXqyqtx0na0LpO3XEX7jNDhntbex7tzUS7kLnZsOlFruFJB4Hi/rhDMjXGqHewDZ68nYZVw==",
      "bin": true
    },
    "playwright@1.62.1": {
      "integrity": "sha512-0M+L3LAD8/nm554LOla9Ayx0j0tmFZ0FBcoQ7F1VuVHpM/XpiC8RcDzBQB8W5+hA8L22THxELzeF+2WcUzvcLg==",
      "dependencies": [
        "playwright-core"
      ],
      "optionalDependencies": [
        "fsevents"
      ],
      "bin": true
    }
  }
}
